
Microsoft Visual Studio Solution File, Format Version 12.00
# Visual Studio Version 17
VisualStudioVersion = 17.5.33502.453
MinimumVisualStudioVersion = 10.0.40219.1
Project("{FAE04EC0-301F-11D3-BF4B-00C04F79EFBC}") = "MainDefontana", "MainDefontana\MainDefontana.csproj", "{6CDCD237-7DDD-41DC-8A20-21E43C9369BC}"
EndProject
Global
	GlobalSection(SolutionConfigurationPlatforms) = preSolution
		Debug|Any CPU = Debug|Any CPU
		Release|Any CPU = Release|Any CPU
	EndGlobalSection
	GlobalSection(ProjectConfigurationPlatforms) = postSolution
		{6CDCD237-7DDD-41DC-8A20-21E43C9369BC}.Debug|Any CPU.ActiveCfg = Debug|Any CPU
		{6CDCD237-7DDD-41DC-8A20-21E43C9369BC}.Debug|Any CPU.Build.0 = Debug|Any CPU
		{6CDCD237-7DDD-41DC-8A20-21E43C9369BC}.Release|Any CPU.ActiveCfg = Release|Any CPU
		{6CDCD237-7DDD-41DC-8A20-21E43C9369BC}.Release|Any CPU.Build.0 = Release|Any CPU
	EndGlobalSection
	GlobalSection(SolutionProperties) = preSolution
		HideSolutionNode = FALSE
	EndGlobalSection
	GlobalSection(ExtensibilityGlobals) = postSolution
		SolutionGuid = {748B4130-11DA-431E-884F-F46EEB910B60}
	EndGlobalSection
EndGlobal
